// !$*UTF8*$!
{
	archiveVersion = 1;
	classes = {
	};
	objectVersion = 48;
	objects = {

/* Begin PBXBuildFile section */
		4FF64C051E1F5AF0004178DF /* main.m in Sources */ = {isa = PBXBuildFile; fileRef = 4FF64C041E1F5AF0004178DF /* main.m */; };
		4FF64C081E1F5AF0004178DF /* AppDelegate.m in Sources */ = {isa = PBXBuildFile; fileRef = 4FF64C071E1F5AF0004178DF /* AppDelegate.m */; };
		4FF64C0B1E1F5AF0004178DF /* ViewController.m in Sources */ = {isa = PBXBuildFile; fileRef = 4FF64C0A1E1F5AF0004178DF /* ViewController.m */; };
		4FF64C0E1E1F5AF0004178DF /* Main.storyboard in Resources */ = {isa = PBXBuildFile; fileRef = 4FF64C0C1E1F5AF0004178DF /* Main.storyboard */; };
		4FF64C101E1F5AF0004178DF /* Assets.xcassets in Resources */ = {isa = PBXBuildFile; fileRef = 4FF64C0F1E1F5AF0004178DF /* Assets.xcassets */; };
		4FF64C131E1F5AF0004178DF /* LaunchScreen.storyboard in Resources */ = {isa = PBXBuildFile; fileRef = 4FF64C111E1F5AF0004178DF /* LaunchScreen.storyboard */; };
/* End PBXBuildFile section */

/* Begin PBXFileReference section */
		4FF64C001E1F5AF0004178DF /* Corrected Keyboard Schmeeboard3.app */ = {isa = PBXFileReference; explicitFileType = wrapper.application; includeInIndex = 0; path = "Corrected Keyboard Schmeeboard3.app"; sourceTree = BUILT_PRODUCTS_DIR; };
		4FF64C041E1F5AF0004178DF /* main.m */ = {isa = PBXFileReference; lastKnownFileType = sourcecode.c.objc; path = main.m; sourceTree = "<group>"; };
		4FF64C061E1F5AF0004178DF /* AppDelegate.h */ = {isa = PBXFileReference; lastKnownFileType = sourcecode.c.h; path = AppDelegate.h; sourceTree = "<group>"; };
		4FF64C071E1F5AF0004178DF /* AppDelegate.m */ = {isa = PBXFileReference; lastKnownFileType = sourcecode.c.objc; path = AppDelegate.m; sourceTree = "<group>"; };
		4FF64C091E1F5AF0004178DF /* ViewController.h */ = {isa = PBXFileReference; lastKnownFileType = sourcecode.c.h; path = ViewController.h; sourceTree = "<group>"; };
		4FF64C0A1E1F5AF0004178DF /* ViewController.m */ = {isa = PBXFileReference; lastKnownFileType = sourcecode.c.objc; path = ViewController.m; sourceTree = "<group>"; };
		4FF64C0D1E1F5AF0004178DF /* Base */ = {isa = PBXFileReference; lastKnownFileType = file.storyboard; name = Base; path = Base.lproj/Main.storyboard; sourceTree = "<group>"; };
		4FF64C0F1E1F5AF0004178DF /* Assets.xcassets */ = {isa = PBXFileReference; lastKnownFileType = folder.assetcatalog; path = Assets.xcassets; sourceTree = "<group>"; };
		4FF64C121E1F5AF0004178DF /* Base */ = {isa = PBXFileReference; lastKnownFileType = file.storyboard; name = Base; path = Base.lproj/LaunchScreen.storyboard; sourceTree = "<group>"; };
		4FF64C141E1F5AF0004178DF /* Info.plist */ = {isa = PBXFileReference; lastKnownFileType = text.plist.xml; path = Info.plist; sourceTree = "<group>"; };
/* End PBXFileReference section */

/* Begin PBXFrameworksBuildPhase section */
		4FF64BFD1E1F5AF0004178DF /* Frameworks */ = {
			isa = PBXFrameworksBuildPhase;
			buildActionMask = 2147483647;
			files = (
			);
			runOnlyForDeploymentPostprocessing = 0;
		};
/* End PBXFrameworksBuildPhase section */

/* Begin PBXGroup section */
		4FF64BF71E1F5AF0004178DF = {
			isa = PBXGroup;
			children = (
				4FF64C021E1F5AF0004178DF /* Corrected Keyboard Schmeeboard3 */,
				4FF64C011E1F5AF0004178DF /* Products */,
			);
			sourceTree = "<group>";
		};
		4FF64C011E1F5AF0004178DF /* Products */ = {
			isa = PBXGroup;
			children = (
				4FF64C001E1F5AF0004178DF /* Corrected Keyboard Schmeeboard3.app */,
			);
			name = Products;
			sourceTree = "<group>";
		};
		4FF64C021E1F5AF0004178DF /* Corrected Keyboard Schmeeboard3 */ = {
			isa = PBXGroup;
			children = (
				4FF64C061E1F5AF0004178DF /* AppDelegate.h */,
				4FF64C071E1F5AF0004178DF /* AppDelegate.m */,
				4FF64C091E1F5AF0004178DF /* ViewController.h */,
				4FF64C0A1E1F5AF0004178DF /* ViewController.m */,
				4FF64C0C1E1F5AF0004178DF /* Main.storyboard */,
				4FF64C0F1E1F5AF0004178DF /* Assets.xcassets */,
				4FF64C111E1F5AF0004178DF /* LaunchScreen.storyboard */,
				4FF64C141E1F5AF0004178DF /* Info.plist */,
				4FF64C031E1F5AF0004178DF /* Supporting Files */,
			);
			path = "Corrected Keyboard Schmeeboard3";
			sourceTree = "<group>";
		};
		4FF64C031E1F5AF0004178DF /* Supporting Files */ = {
			isa = PBXGroup;
			children = (
				4FF64C041E1F5AF0004178DF /* main.m */,
			);
			name = "Supporting Files";
			sourceTree = "<group>";
		};
/* End PBXGroup section */

/* Begin PBXNativeTarget section */
		4FF64BFF1E1F5AF0004178DF /* Corrected Keyboard Schmeeboard3 */ = {
			isa = PBXNativeTarget;
			buildConfigurationList = 4FF64C171E1F5AF0004178DF /* Build configuration list for PBXNativeTarget "Corrected Keyboard Schmeeboard3" */;
			buildPhases = (
				4FF64BFC1E1F5AF0004178DF /* Sources */,
				4FF64BFD1E1F5AF0004178DF /* Frameworks */,
				4FF64BFE1E1F5AF0004178DF /* Resources */,
			);
			buildRules = (
			);
			dependencies = (
			);
			name = "Corrected Keyboard Schmeeboard3";
			productName = "Corrected Keyboard Schmeeboard3";
			productReference = 4FF64C001E1F5AF0004178DF /* Corrected Keyboard Schmeeboard3.app */;
			productType = "com.apple.product-type.application";
		};
/* End PBXNativeTarget section */

/* Begin PBXProject section */
		4FF64BF81E1F5AF0004178DF /* Project object */ = {
			isa = PBXProject;
			attributes = {
				LastUpgradeCheck = 0820;
				TargetAttributes = {
					4FF64BFF1E1F5AF0004178DF = {
						CreatedOnToolsVersion = 8.2.1;
						ProvisioningStyle = Automatic;
					};
				};
			};
			buildConfigurationList = 4FF64BFB1E1F5AF0004178DF /* Build configuration list for PBXProject "Corrected Keyboard Schmeeboard3" */;
			compatibilityVersion = "Xcode 8.0";
			developmentRegion = English;
			hasScannedForEncodings = 0;
			knownRegions = (
				en,
				Base,
			);
			mainGroup = 4FF64BF71E1F5AF0004178DF;
			productRefGroup = 4FF64C011E1F5AF0004178DF /* Products */;
			projectDirPath = "";
			projectRoot = "";
			targets = (
				4FF64BFF1E1F5AF0004178DF /* Corrected Keyboard Schmeeboard3 */,
			);
		};
/* End PBXProject section */

/* Begin PBXResourcesBuildPhase section */
		4FF64BFE1E1F5AF0004178DF /* Resources */ = {
			isa = PBXResourcesBuildPhase;
			buildActionMask = 2147483647;
			files = (
				4FF64C131E1F5AF0004178DF /* LaunchScreen.storyboard in Resources */,
				4FF64C101E1F5AF0004178DF /* Assets.xcassets in Resources */,
				4FF64C0E1E1F5AF0004178DF /* Main.storyboard in Resources */,
			);
			runOnlyForDeploymentPostprocessing = 0;
		};
/* End PBXResourcesBuildPhase section */

/* Begin PBXSourcesBuildPhase section */
		4FF64BFC1E1F5AF0004178DF /* Sources */ = {
			isa = PBXSourcesBuildPhase;
			buildActionMask = 2147483647;
			files = (
				4FF64C0B1E1F5AF0004178DF /* ViewController.m in Sources */,
				4FF64C081E1F5AF0004178DF /* AppDelegate.m in Sources */,
				4FF64C051E1F5AF0004178DF /* main.m in Sources */,
			);
			runOnlyForDeploymentPostprocessing = 0;
		};
/* End PBXSourcesBuildPhase section */

/* Begin PBXVariantGroup section */
		4FF64C0C1E1F5AF0004178DF /* Main.storyboard */ = {
			isa = PBXVariantGroup;
			children = (
				4FF64C0D1E1F5AF0004178DF /* Base */,
			);
			name = Main.storyboard;
			sourceTree = "<group>";
		};
		4FF64C111E1F5AF0004178DF /* LaunchScreen.storyboard */ = {
			isa = PBXVariantGroup;
			children = (
				4FF64C121E1F5AF0004178DF /* Base */,
			);
			name = LaunchScreen.storyboard;
			sourceTree = "<group>";
		};
/* End PBXVariantGroup section */

/* Begin XCBuildConfiguration section */
		4FF64C151E1F5AF0004178DF /* Debug */ = {
			isa = XCBuildConfiguration;
			buildSettings = {
				ALWAYS_SEARCH_USER_PATHS = NO;
				CLANG_ANALYZER_NONNULL = YES;
				CLANG_CXX_LANGUAGE_STANDARD = "gnu++0x";
				CLANG_CXX_LIBRARY = "libc++";
				CLANG_ENABLE_MODULES = YES;
				CLANG_ENABLE_OBJC_ARC = YES;
				CLANG_WARN_BOOL_CONVERSION = YES;
				CLANG_WARN_CONSTANT_CONVERSION = YES;
				CLANG_WARN_DIRECT_OBJC_ISA_USAGE = YES_ERROR;
				CLANG_WARN_DOCUMENTATION_COMMENTS = YES;
				CLANG_WARN_EMPTY_BODY = YES;
				CLANG_WARN_ENUM_CONVERSION = YES;
				CLANG_WARN_INFINITE_RECURSION = YES;
				CLANG_WARN_INT_CONVERSION = YES;
				CLANG_WARN_OBJC_ROOT_CLASS = YES_ERROR;
				CLANG_WARN_SUSPICIOUS_MOVE = YES;
				CLANG_WARN_UNREACHABLE_CODE = YES;
				CLANG_WARN__DUPLICATE_METHOD_MATCH = YES;
				"CODE_SIGN_IDENTITY[sdk=iphoneos*]" = "iPhone Developer";
				COPY_PHASE_STRIP = NO;
				DEBUG_INFORMATION_FORMAT = dwarf;
				ENABLE_STRICT_OBJC_MSGSEND = YES;
				ENABLE_TESTABILITY = YES;
				GCC_C_LANGUAGE_STANDARD = gnu99;
				GCC_DYNAMIC_NO_PIC = NO;
				GCC_NO_COMMON_BLOCKS = YES;
				GCC_OPTIMIZATION_LEVEL = 0;
				GCC_PREPROCESSOR_DEFINITIONS = (
					"DEBUG=1",
					"$(inherited)",
				);
				GCC_WARN_64_TO_32_BIT_CONVERSION = YES;
				GCC_WARN_ABOUT_RETURN_TYPE = YES_ERROR;
				GCC_WARN_UNDECLARED_SELECTOR = YES;
				GCC_WARN_UNINITIALIZED_AUTOS = YES_AGGRESSIVE;
				GCC_WARN_UNUSED_FUNCTION = YES;
				GCC_WARN_UNUSED_VARIABLE = YES;
				IPHONEOS_DEPLOYMENT_TARGET = 10.2;
				MTL_ENABLE_DEBUG_INFO = YES;
				ONLY_ACTIVE_ARCH = YES;
				SDKROOT = iphoneos;
				TARGETED_DEVICE_FAMILY = "1,2";
			};
			name = Debug;
		};
		4FF64C161E1F5AF0004178DF /* Release */ = {
			isa = XCBuildConfiguration;
			buildSettings = {
				ALWAYS_SEARCH_USER_PATHS = NO;
				CLANG_ANALYZER_NONNULL = YES;
				CLANG_CXX_LANGUAGE_STANDARD = "gnu++0x";
				CLANG_CXX_LIBRARY = "libc++";
				CLANG_ENABLE_MODULES = YES;
				CLANG_ENABLE_OBJC_ARC = YES;
				CLANG_WARN_BOOL_CONVERSION = YES;
				CLANG_WARN_CONSTANT_CONVERSION = YES;
				CLANG_WARN_DIRECT_OBJC_ISA_USAGE = YES_ERROR;
				CLANG_WARN_DOCUMENTATION_COMMENTS = YES;
				CLANG_WARN_EMPTY_BODY = YES;
				CLANG_WARN_ENUM_CONVERSION = YES;
				CLANG_WARN_INFINITE_RECURSION = YES;
				CLANG_WARN_INT_CONVERSION = YES;
				CLANG_WARN_OBJC_ROOT_CLASS = YES_ERROR;
				CLANG_WARN_SUSPICIOUS_MOVE = YES;
				CLANG_WARN_UNREACHABLE_CODE = YES;
				CLANG_WARN__DUPLICATE_METHOD_MATCH = YES;
				"CODE_SIGN_IDENTITY[sdk=iphoneos*]" = "iPhone Developer";
				COPY_PHASE_STRIP = NO;
				DEBUG_INFORMATION_FORMAT = "dwarf-with-dsym";
				ENABLE_NS_ASSERTIONS = NO;
				ENABLE_STRICT_OBJC_MSGSEND = YES;
				GCC_C_LANGUAGE_STANDARD = gnu99;
				GCC_NO_COMMON_BLOCKS = YES;
				GCC_WARN_64_TO_32_BIT_CONVERSION = YES;
				GCC_WARN_ABOUT_RETURN_TYPE = YES_ERROR;
				GCC_WARN_UNDECLARED_SELECTOR = YES;
				GCC_WARN_UNINITIALIZED_AUTOS = YES_AGGRESSIVE;
				GCC_WARN_UNUSED_FUNCTION = YES;
				GCC_WARN_UNUSED_VARIABLE = YES;
				IPHONEOS_DEPLOYMENT_TARGET = 10.2;
				MTL_ENABLE_DEBUG_INFO = NO;
				SDKROOT = iphoneos;
				TARGETED_DEVICE_FAMILY = "1,2";
				VALIDATE_PRODUCT = YES;
			};
			name = Release;
		};
		4FF64C181E1F5AF0004178DF /* Debug */ = {
			isa = XCBuildConfiguration;
			buildSettings = {
				ASSETCATALOG_COMPILER_APPICON_NAME = AppIcon;
				INFOPLIST_FILE = "Corrected Keyboard Schmeeboard3/Info.plist";
				LD_RUNPATH_SEARCH_PATHS = "$(inherited) @executable_path/Frameworks";
				PRODUCT_BUNDLE_IDENTIFIER = "fun.Corrected-Keyboard-Schmeeboard3";
				PRODUCT_NAME = "$(TARGET_NAME)";
			};
			name = Debug;
		};
		4FF64C191E1F5AF0004178DF /* Release */ = {
			isa = XCBuildConfiguration;
			buildSettings = {
				ASSETCATALOG_COMPILER_APPICON_NAME = AppIcon;
				INFOPLIST_FILE = "Corrected Keyboard Schmeeboard3/Info.plist";
				LD_RUNPATH_SEARCH_PATHS = "$(inherited) @executable_path/Frameworks";
				PRODUCT_BUNDLE_IDENTIFIER = "fun.Corrected-Keyboard-Schmeeboard3";
				PRODUCT_NAME = "$(TARGET_NAME)";
			};
			name = Release;
		};
/* End XCBuildConfiguration section */

/* Begin XCConfigurationList section */
		4FF64BFB1E1F5AF0004178DF /* Build configuration list for PBXProject "Corrected Keyboard Schmeeboard3" */ = {
			isa = XCConfigurationList;
			buildConfigurations = (
				4FF64C151E1F5AF0004178DF /* Debug */,
				4FF64C161E1F5AF0004178DF /* Release */,
			);
			defaultConfigurationIsVisible = 0;
			defaultConfigurationName = Release;
		};
		4FF64C171E1F5AF0004178DF /* Build configuration list for PBXNativeTarget "Corrected Keyboard Schmeeboard3" */ = {
			isa = XCConfigurationList;
			buildConfigurations = (
				4FF64C181E1F5AF0004178DF /* Debug */,
				4FF64C191E1F5AF0004178DF /* Release */,
			);
			defaultConfigurationIsVisible = 0;
			defaultConfigurationName = Release;
		};
/* End XCConfigurationList section */
	};
	rootObject = 4FF64BF81E1F5AF0004178DF /* Project object */;
}
