// !$*UTF8*$!
{
	archiveVersion = 1;
	classes = {
	};
	objectVersion = 48;
	objects = {

/* Begin PBXBuildFile section */
		4FF64C4A1E1F6402004178DF /* AppDelegate.swift in Sources */ = {isa = PBXBuildFile; fileRef = 4FF64C491E1F6402004178DF /* AppDelegate.swift */; };
		4FF64C4C1E1F6402004178DF /* ViewController.swift in Sources */ = {isa = PBXBuildFile; fileRef = 4FF64C4B1E1F6402004178DF /* ViewController.swift */; };
		4FF64C4F1E1F6402004178DF /* Main.storyboard in Resources */ = {isa = PBXBuildFile; fileRef = 4FF64C4D1E1F6402004178DF /* Main.storyboard */; };
		4FF64C511E1F6402004178DF /* Assets.xcassets in Resources */ = {isa = PBXBuildFile; fileRef = 4FF64C501E1F6402004178DF /* Assets.xcassets */; };
		4FF64C541E1F6402004178DF /* LaunchScreen.storyboard in Resources */ = {isa = PBXBuildFile; fileRef = 4FF64C521E1F6402004178DF /* LaunchScreen.storyboard */; };
/* End PBXBuildFile section */

/* Begin PBXFileReference section */
		4FF64C461E1F6402004178DF /* Corrected Keyboard Schmeeboard4.app */ = {isa = PBXFileReference; explicitFileType = wrapper.application; includeInIndex = 0; path = "Corrected Keyboard Schmeeboard4.app"; sourceTree = BUILT_PRODUCTS_DIR; };
		4FF64C491E1F6402004178DF /* AppDelegate.swift */ = {isa = PBXFileReference; lastKnownFileType = sourcecode.swift; path = AppDelegate.swift; sourceTree = "<group>"; };
		4FF64C4B1E1F6402004178DF /* ViewController.swift */ = {isa = PBXFileReference; lastKnownFileType = sourcecode.swift; path = ViewController.swift; sourceTree = "<group>"; };
		4FF64C4E1E1F6402004178DF /* Base */ = {isa = PBXFileReference; lastKnownFileType = file.storyboard; name = Base; path = Base.lproj/Main.storyboard; sourceTree = "<group>"; };
		4FF64C501E1F6402004178DF /* Assets.xcassets */ = {isa = PBXFileReference; lastKnownFileType = folder.assetcatalog; path = Assets.xcassets; sourceTree = "<group>"; };
		4FF64C531E1F6402004178DF /* Base */ = {isa = PBXFileReference; lastKnownFileType = file.storyboard; name = Base; path = Base.lproj/LaunchScreen.storyboard; sourceTree = "<group>"; };
		4FF64C551E1F6402004178DF /* Info.plist */ = {isa = PBXFileReference; lastKnownFileType = text.plist.xml; path = Info.plist; sourceTree = "<group>"; };
/* End PBXFileReference section */

/* Begin PBXFrameworksBuildPhase section */
		4FF64C431E1F6402004178DF /* Frameworks */ = {
			isa = PBXFrameworksBuildPhase;
			buildActionMask = 2147483647;
			files = (
			);
			runOnlyForDeploymentPostprocessing = 0;
		};
/* End PBXFrameworksBuildPhase section */

/* Begin PBXGroup section */
		4FF64C3D1E1F6402004178DF = {
			isa = PBXGroup;
			children = (
				4FF64C481E1F6402004178DF /* Corrected Keyboard Schmeeboard4 */,
				4FF64C471E1F6402004178DF /* Products */,
			);
			sourceTree = "<group>";
		};
		4FF64C471E1F6402004178DF /* Products */ = {
			isa = PBXGroup;
			children = (
				4FF64C461E1F6402004178DF /* Corrected Keyboard Schmeeboard4.app */,
			);
			name = Products;
			sourceTree = "<group>";
		};
		4FF64C481E1F6402004178DF /* Corrected Keyboard Schmeeboard4 */ = {
			isa = PBXGroup;
			children = (
				4FF64C491E1F6402004178DF /* AppDelegate.swift */,
				4FF64C4B1E1F6402004178DF /* ViewController.swift */,
				4FF64C4D1E1F6402004178DF /* Main.storyboard */,
				4FF64C501E1F6402004178DF /* Assets.xcassets */,
				4FF64C521E1F6402004178DF /* LaunchScreen.storyboard */,
				4FF64C551E1F6402004178DF /* Info.plist */,
			);
			path = "Corrected Keyboard Schmeeboard4";
			sourceTree = "<group>";
		};
/* End PBXGroup section */

/* Begin PBXNativeTarget section */
		4FF64C451E1F6402004178DF /* Corrected Keyboard Schmeeboard4 */ = {
			isa = PBXNativeTarget;
			buildConfigurationList = 4FF64C581E1F6402004178DF /* Build configuration list for PBXNativeTarget "Corrected Keyboard Schmeeboard4" */;
			buildPhases = (
				4FF64C421E1F6402004178DF /* Sources */,
				4FF64C431E1F6402004178DF /* Frameworks */,
				4FF64C441E1F6402004178DF /* Resources */,
			);
			buildRules = (
			);
			dependencies = (
			);
			name = "Corrected Keyboard Schmeeboard4";
			productName = "Corrected Keyboard Schmeeboard4";
			productReference = 4FF64C461E1F6402004178DF /* Corrected Keyboard Schmeeboard4.app */;
			productType = "com.apple.product-type.application";
		};
/* End PBXNativeTarget section */

/* Begin PBXProject section */
		4FF64C3E1E1F6402004178DF /* Project object */ = {
			isa = PBXProject;
			attributes = {
				LastSwiftUpdateCheck = 0820;
				LastUpgradeCheck = 0820;
				ORGANIZATIONNAME = "Andrew Pontious";
				TargetAttributes = {
					4FF64C451E1F6402004178DF = {
						CreatedOnToolsVersion = 8.2.1;
						ProvisioningStyle = Automatic;
					};
				};
			};
			buildConfigurationList = 4FF64C411E1F6402004178DF /* Build configuration list for PBXProject "Corrected Keyboard Schmeeboard4" */;
			compatibilityVersion = "Xcode 8.0";
			developmentRegion = English;
			hasScannedForEncodings = 0;
			knownRegions = (
				en,
				Base,
			);
			mainGroup = 4FF64C3D1E1F6402004178DF;
			productRefGroup = 4FF64C471E1F6402004178DF /* Products */;
			projectDirPath = "";
			projectRoot = "";
			targets = (
				4FF64C451E1F6402004178DF /* Corrected Keyboard Schmeeboard4 */,
			);
		};
/* End PBXProject section */

/* Begin PBXResourcesBuildPhase section */
		4FF64C441E1F6402004178DF /* Resources */ = {
			isa = PBXResourcesBuildPhase;
			buildActionMask = 2147483647;
			files = (
				4FF64C541E1F6402004178DF /* LaunchScreen.storyboard in Resources */,
				4FF64C511E1F6402004178DF /* Assets.xcassets in Resources */,
				4FF64C4F1E1F6402004178DF /* Main.storyboard in Resources */,
			);
			runOnlyForDeploymentPostprocessing = 0;
		};
/* End PBXResourcesBuildPhase section */

/* Begin PBXSourcesBuildPhase section */
		4FF64C421E1F6402004178DF /* Sources */ = {
			isa = PBXSourcesBuildPhase;
			buildActionMask = 2147483647;
			files = (
				4FF64C4C1E1F6402004178DF /* ViewController.swift in Sources */,
				4FF64C4A1E1F6402004178DF /* AppDelegate.swift in Sources */,
			);
			runOnlyForDeploymentPostprocessing = 0;
		};
/* End PBXSourcesBuildPhase section */

/* Begin PBXVariantGroup section */
		4FF64C4D1E1F6402004178DF /* Main.storyboard */ = {
			isa = PBXVariantGroup;
			children = (
				4FF64C4E1E1F6402004178DF /* Base */,
			);
			name = Main.storyboard;
			sourceTree = "<group>";
		};
		4FF64C521E1F6402004178DF /* LaunchScreen.storyboard */ = {
			isa = PBXVariantGroup;
			children = (
				4FF64C531E1F6402004178DF /* Base */,
			);
			name = LaunchScreen.storyboard;
			sourceTree = "<group>";
		};
/* End PBXVariantGroup section */

/* Begin XCBuildConfiguration section */
		4FF64C561E1F6402004178DF /* Debug */ = {
			isa = XCBuildConfiguration;
			buildSettings = {
				ALWAYS_SEARCH_USER_PATHS = NO;
				CLANG_ANALYZER_NONNULL = YES;
				CLANG_CXX_LANGUAGE_STANDARD = "gnu++0x";
				CLANG_CXX_LIBRARY = "libc++";
				CLANG_ENABLE_MODULES = YES;
				CLANG_ENABLE_OBJC_ARC = YES;
				CLANG_WARN_BOOL_CONVERSION = YES;
				CLANG_WARN_CONSTANT_CONVERSION = YES;
				CLANG_WARN_DIRECT_OBJC_ISA_USAGE = YES_ERROR;
				CLANG_WARN_DOCUMENTATION_COMMENTS = YES;
				CLANG_WARN_EMPTY_BODY = YES;
				CLANG_WARN_ENUM_CONVERSION = YES;
				CLANG_WARN_INFINITE_RECURSION = YES;
				CLANG_WARN_INT_CONVERSION = YES;
				CLANG_WARN_OBJC_ROOT_CLASS = YES_ERROR;
				CLANG_WARN_SUSPICIOUS_MOVE = YES;
				CLANG_WARN_UNREACHABLE_CODE = YES;
				CLANG_WARN__DUPLICATE_METHOD_MATCH = YES;
				"CODE_SIGN_IDENTITY[sdk=iphoneos*]" = "iPhone Developer";
				COPY_PHASE_STRIP = NO;
				DEBUG_INFORMATION_FORMAT = dwarf;
				ENABLE_STRICT_OBJC_MSGSEND = YES;
				ENABLE_TESTABILITY = YES;
				GCC_C_LANGUAGE_STANDARD = gnu99;
				GCC_DYNAMIC_NO_PIC = NO;
				GCC_NO_COMMON_BLOCKS = YES;
				GCC_OPTIMIZATION_LEVEL = 0;
				GCC_PREPROCESSOR_DEFINITIONS = (
					"DEBUG=1",
					"$(inherited)",
				);
				GCC_WARN_64_TO_32_BIT_CONVERSION = YES;
				GCC_WARN_ABOUT_RETURN_TYPE = YES_ERROR;
				GCC_WARN_UNDECLARED_SELECTOR = YES;
				GCC_WARN_UNINITIALIZED_AUTOS = YES_AGGRESSIVE;
				GCC_WARN_UNUSED_FUNCTION = YES;
				GCC_WARN_UNUSED_VARIABLE = YES;
				IPHONEOS_DEPLOYMENT_TARGET = 10.2;
				MTL_ENABLE_DEBUG_INFO = YES;
				ONLY_ACTIVE_ARCH = YES;
				SDKROOT = iphoneos;
				SWIFT_ACTIVE_COMPILATION_CONDITIONS = DEBUG;
				SWIFT_OPTIMIZATION_LEVEL = "-Onone";
				TARGETED_DEVICE_FAMILY = "1,2";
			};
			name = Debug;
		};
		4FF64C571E1F6402004178DF /* Release */ = {
			isa = XCBuildConfiguration;
			buildSettings = {
				ALWAYS_SEARCH_USER_PATHS = NO;
				CLANG_ANALYZER_NONNULL = YES;
				CLANG_CXX_LANGUAGE_STANDARD = "gnu++0x";
				CLANG_CXX_LIBRARY = "libc++";
				CLANG_ENABLE_MODULES = YES;
				CLANG_ENABLE_OBJC_ARC = YES;
				CLANG_WARN_BOOL_CONVERSION = YES;
				CLANG_WARN_CONSTANT_CONVERSION = YES;
				CLANG_WARN_DIRECT_OBJC_ISA_USAGE = YES_ERROR;
				CLANG_WARN_DOCUMENTATION_COMMENTS = YES;
				CLANG_WARN_EMPTY_BODY = YES;
				CLANG_WARN_ENUM_CONVERSION = YES;
				CLANG_WARN_INFINITE_RECURSION = YES;
				CLANG_WARN_INT_CONVERSION = YES;
				CLANG_WARN_OBJC_ROOT_CLASS = YES_ERROR;
				CLANG_WARN_SUSPICIOUS_MOVE = YES;
				CLANG_WARN_UNREACHABLE_CODE = YES;
				CLANG_WARN__DUPLICATE_METHOD_MATCH = YES;
				"CODE_SIGN_IDENTITY[sdk=iphoneos*]" = "iPhone Developer";
				COPY_PHASE_STRIP = NO;
				DEBUG_INFORMATION_FORMAT = "dwarf-with-dsym";
				ENABLE_NS_ASSERTIONS = NO;
				ENABLE_STRICT_OBJC_MSGSEND = YES;
				GCC_C_LANGUAGE_STANDARD = gnu99;
				GCC_NO_COMMON_BLOCKS = YES;
				GCC_WARN_64_TO_32_BIT_CONVERSION = YES;
				GCC_WARN_ABOUT_RETURN_TYPE = YES_ERROR;
				GCC_WARN_UNDECLARED_SELECTOR = YES;
				GCC_WARN_UNINITIALIZED_AUTOS = YES_AGGRESSIVE;
				GCC_WARN_UNUSED_FUNCTION = YES;
				GCC_WARN_UNUSED_VARIABLE = YES;
				IPHONEOS_DEPLOYMENT_TARGET = 10.2;
				MTL_ENABLE_DEBUG_INFO = NO;
				SDKROOT = iphoneos;
				SWIFT_OPTIMIZATION_LEVEL = "-Owholemodule";
				TARGETED_DEVICE_FAMILY = "1,2";
				VALIDATE_PRODUCT = YES;
			};
			name = Release;
		};
		4FF64C591E1F6402004178DF /* Debug */ = {
			isa = XCBuildConfiguration;
			buildSettings = {
				ASSETCATALOG_COMPILER_APPICON_NAME = AppIcon;
				INFOPLIST_FILE = "Corrected Keyboard Schmeeboard4/Info.plist";
				LD_RUNPATH_SEARCH_PATHS = "$(inherited) @executable_path/Frameworks";
				PRODUCT_BUNDLE_IDENTIFIER = "fun.Corrected-Keyboard-Schmeeboard4";
				PRODUCT_NAME = "$(TARGET_NAME)";
				SWIFT_VERSION = 3.0;
			};
			name = Debug;
		};
		4FF64C5A1E1F6402004178DF /* Release */ = {
			isa = XCBuildConfiguration;
			buildSettings = {
				ASSETCATALOG_COMPILER_APPICON_NAME = AppIcon;
				INFOPLIST_FILE = "Corrected Keyboard Schmeeboard4/Info.plist";
				LD_RUNPATH_SEARCH_PATHS = "$(inherited) @executable_path/Frameworks";
				PRODUCT_BUNDLE_IDENTIFIER = "fun.Corrected-Keyboard-Schmeeboard4";
				PRODUCT_NAME = "$(TARGET_NAME)";
				SWIFT_VERSION = 3.0;
			};
			name = Release;
		};
/* End XCBuildConfiguration section */

/* Begin XCConfigurationList section */
		4FF64C411E1F6402004178DF /* Build configuration list for PBXProject "Corrected Keyboard Schmeeboard4" */ = {
			isa = XCConfigurationList;
			buildConfigurations = (
				4FF64C561E1F6402004178DF /* Debug */,
				4FF64C571E1F6402004178DF /* Release */,
			);
			defaultConfigurationIsVisible = 0;
			defaultConfigurationName = Release;
		};
		4FF64C581E1F6402004178DF /* Build configuration list for PBXNativeTarget "Corrected Keyboard Schmeeboard4" */ = {
			isa = XCConfigurationList;
			buildConfigurations = (
				4FF64C591E1F6402004178DF /* Debug */,
				4FF64C5A1E1F6402004178DF /* Release */,
			);
			defaultConfigurationIsVisible = 0;
			defaultConfigurationName = Release;
		};
/* End XCConfigurationList section */
	};
	rootObject = 4FF64C3E1E1F6402004178DF /* Project object */;
}
