// !$*UTF8*$!
{
	archiveVersion = 1;
	classes = {
	};
	objectVersion = 46;
	objects = {

/* Begin PBXBuildFile section */
		4F510DF7167524410099A53D /* UIKit.framework in Frameworks */ = {isa = PBXBuildFile; fileRef = 4F510DF6167524410099A53D /* UIKit.framework */; };
		4F510DF9167524410099A53D /* Foundation.framework in Frameworks */ = {isa = PBXBuildFile; fileRef = 4F510DF8167524410099A53D /* Foundation.framework */; };
		4F510DFB167524410099A53D /* CoreGraphics.framework in Frameworks */ = {isa = PBXBuildFile; fileRef = 4F510DFA167524410099A53D /* CoreGraphics.framework */; };
		4F510E01167524410099A53D /* InfoPlist.strings in Resources */ = {isa = PBXBuildFile; fileRef = 4F510DFF167524410099A53D /* InfoPlist.strings */; };
		4F510E03167524410099A53D /* main.m in Sources */ = {isa = PBXBuildFile; fileRef = 4F510E02167524410099A53D /* main.m */; };
		4F510E07167524410099A53D /* AppDelegate.m in Sources */ = {isa = PBXBuildFile; fileRef = 4F510E06167524410099A53D /* AppDelegate.m */; };
		4F510E09167524410099A53D /* Default.png in Resources */ = {isa = PBXBuildFile; fileRef = 4F510E08167524410099A53D /* Default.png */; };
		4F510E0B167524410099A53D /* Default@2x.png in Resources */ = {isa = PBXBuildFile; fileRef = 4F510E0A167524410099A53D /* Default@2x.png */; };
		4F510E0D167524410099A53D /* Default-568h@2x.png in Resources */ = {isa = PBXBuildFile; fileRef = 4F510E0C167524410099A53D /* Default-568h@2x.png */; };
		4F510E10167524410099A53D /* ViewController.m in Sources */ = {isa = PBXBuildFile; fileRef = 4F510E0F167524410099A53D /* ViewController.m */; };
		4F510E13167524410099A53D /* ViewController.xib in Resources */ = {isa = PBXBuildFile; fileRef = 4F510E11167524410099A53D /* ViewController.xib */; };
/* End PBXBuildFile section */

/* Begin PBXFileReference section */
		4F510DF2167524410099A53D /* Corrected_Keyboard_Schmeeboard.app */ = {isa = PBXFileReference; explicitFileType = wrapper.application; includeInIndex = 0; path = Corrected_Keyboard_Schmeeboard.app; sourceTree = BUILT_PRODUCTS_DIR; };
		4F510DF6167524410099A53D /* UIKit.framework */ = {isa = PBXFileReference; lastKnownFileType = wrapper.framework; name = UIKit.framework; path = System/Library/Frameworks/UIKit.framework; sourceTree = SDKROOT; };
		4F510DF8167524410099A53D /* Foundation.framework */ = {isa = PBXFileReference; lastKnownFileType = wrapper.framework; name = Foundation.framework; path = System/Library/Frameworks/Foundation.framework; sourceTree = SDKROOT; };
		4F510DFA167524410099A53D /* CoreGraphics.framework */ = {isa = PBXFileReference; lastKnownFileType = wrapper.framework; name = CoreGraphics.framework; path = System/Library/Frameworks/CoreGraphics.framework; sourceTree = SDKROOT; };
		4F510DFE167524410099A53D /* Corrected Keyboard Schmeeboard-Info.plist */ = {isa = PBXFileReference; lastKnownFileType = text.plist.xml; path = "Corrected Keyboard Schmeeboard-Info.plist"; sourceTree = "<group>"; };
		4F510E00167524410099A53D /* en */ = {isa = PBXFileReference; lastKnownFileType = text.plist.strings; name = en; path = en.lproj/InfoPlist.strings; sourceTree = "<group>"; };
		4F510E02167524410099A53D /* main.m */ = {isa = PBXFileReference; lastKnownFileType = sourcecode.c.objc; path = main.m; sourceTree = "<group>"; };
		4F510E04167524410099A53D /* Corrected Keyboard Schmeeboard-Prefix.pch */ = {isa = PBXFileReference; lastKnownFileType = sourcecode.c.h; path = "Corrected Keyboard Schmeeboard-Prefix.pch"; sourceTree = "<group>"; };
		4F510E05167524410099A53D /* AppDelegate.h */ = {isa = PBXFileReference; lastKnownFileType = sourcecode.c.h; path = AppDelegate.h; sourceTree = "<group>"; };
		4F510E06167524410099A53D /* AppDelegate.m */ = {isa = PBXFileReference; lastKnownFileType = sourcecode.c.objc; path = AppDelegate.m; sourceTree = "<group>"; };
		4F510E08167524410099A53D /* Default.png */ = {isa = PBXFileReference; lastKnownFileType = image.png; path = Default.png; sourceTree = "<group>"; };
		4F510E0A167524410099A53D /* Default@2x.png */ = {isa = PBXFileReference; lastKnownFileType = image.png; path = "Default@2x.png"; sourceTree = "<group>"; };
		4F510E0C167524410099A53D /* Default-568h@2x.png */ = {isa = PBXFileReference; lastKnownFileType = image.png; path = "Default-568h@2x.png"; sourceTree = "<group>"; };
		4F510E0E167524410099A53D /* ViewController.h */ = {isa = PBXFileReference; lastKnownFileType = sourcecode.c.h; path = ViewController.h; sourceTree = "<group>"; };
		4F510E0F167524410099A53D /* ViewController.m */ = {isa = PBXFileReference; lastKnownFileType = sourcecode.c.objc; path = ViewController.m; sourceTree = "<group>"; };
		4F510E12167524410099A53D /* en */ = {isa = PBXFileReference; lastKnownFileType = file.xib; name = en; path = en.lproj/ViewController.xib; sourceTree = "<group>"; };
/* End PBXFileReference section */

/* Begin PBXFrameworksBuildPhase section */
		4F510DEF167524410099A53D /* Frameworks */ = {
			isa = PBXFrameworksBuildPhase;
			buildActionMask = 2147483647;
			files = (
				4F510DF7167524410099A53D /* UIKit.framework in Frameworks */,
				4F510DF9167524410099A53D /* Foundation.framework in Frameworks */,
				4F510DFB167524410099A53D /* CoreGraphics.framework in Frameworks */,
			);
			runOnlyForDeploymentPostprocessing = 0;
		};
/* End PBXFrameworksBuildPhase section */

/* Begin PBXGroup section */
		4F510DE7167524410099A53D = {
			isa = PBXGroup;
			children = (
				4F510DFC167524410099A53D /* Corrected Keyboard Schmeeboard */,
				4F510DF5167524410099A53D /* Frameworks */,
				4F510DF3167524410099A53D /* Products */,
			);
			sourceTree = "<group>";
		};
		4F510DF3167524410099A53D /* Products */ = {
			isa = PBXGroup;
			children = (
				4F510DF2167524410099A53D /* Corrected_Keyboard_Schmeeboard.app */,
			);
			name = Products;
			sourceTree = "<group>";
		};
		4F510DF5167524410099A53D /* Frameworks */ = {
			isa = PBXGroup;
			children = (
				4F510DF6167524410099A53D /* UIKit.framework */,
				4F510DF8167524410099A53D /* Foundation.framework */,
				4F510DFA167524410099A53D /* CoreGraphics.framework */,
			);
			name = Frameworks;
			sourceTree = "<group>";
		};
		4F510DFC167524410099A53D /* Corrected Keyboard Schmeeboard */ = {
			isa = PBXGroup;
			children = (
				4F510E05167524410099A53D /* AppDelegate.h */,
				4F510E06167524410099A53D /* AppDelegate.m */,
				4F510E0E167524410099A53D /* ViewController.h */,
				4F510E0F167524410099A53D /* ViewController.m */,
				4F510E11167524410099A53D /* ViewController.xib */,
				4F510DFD167524410099A53D /* Supporting Files */,
			);
			path = "Corrected Keyboard Schmeeboard";
			sourceTree = "<group>";
		};
		4F510DFD167524410099A53D /* Supporting Files */ = {
			isa = PBXGroup;
			children = (
				4F510DFE167524410099A53D /* Corrected Keyboard Schmeeboard-Info.plist */,
				4F510DFF167524410099A53D /* InfoPlist.strings */,
				4F510E02167524410099A53D /* main.m */,
				4F510E04167524410099A53D /* Corrected Keyboard Schmeeboard-Prefix.pch */,
				4F510E08167524410099A53D /* Default.png */,
				4F510E0A167524410099A53D /* Default@2x.png */,
				4F510E0C167524410099A53D /* Default-568h@2x.png */,
			);
			name = "Supporting Files";
			sourceTree = "<group>";
		};
/* End PBXGroup section */

/* Begin PBXNativeTarget section */
		4F510DF1167524410099A53D /* Corrected Keyboard Schmeeboard */ = {
			isa = PBXNativeTarget;
			buildConfigurationList = 4F510E16167524410099A53D /* Build configuration list for PBXNativeTarget "Corrected Keyboard Schmeeboard" */;
			buildPhases = (
				4F510DEE167524410099A53D /* Sources */,
				4F510DEF167524410099A53D /* Frameworks */,
				4F510DF0167524410099A53D /* Resources */,
			);
			buildRules = (
			);
			dependencies = (
			);
			name = "Corrected Keyboard Schmeeboard";
			productName = "Keyboard Schmeeboard";
			productReference = 4F510DF2167524410099A53D /* Corrected_Keyboard_Schmeeboard.app */;
			productType = "com.apple.product-type.application";
		};
/* End PBXNativeTarget section */

/* Begin PBXProject section */
		4F510DE9167524410099A53D /* Project object */ = {
			isa = PBXProject;
			attributes = {
				LastUpgradeCheck = 0450;
				ORGANIZATIONNAME = "";
			};
			buildConfigurationList = 4F510DEC167524410099A53D /* Build configuration list for PBXProject "Corrected Keyboard Schmeeboard" */;
			compatibilityVersion = "Xcode 3.2";
			developmentRegion = English;
			hasScannedForEncodings = 0;
			knownRegions = (
				en,
			);
			mainGroup = 4F510DE7167524410099A53D;
			productRefGroup = 4F510DF3167524410099A53D /* Products */;
			projectDirPath = "";
			projectRoot = "";
			targets = (
				4F510DF1167524410099A53D /* Corrected Keyboard Schmeeboard */,
			);
		};
/* End PBXProject section */

/* Begin PBXResourcesBuildPhase section */
		4F510DF0167524410099A53D /* Resources */ = {
			isa = PBXResourcesBuildPhase;
			buildActionMask = 2147483647;
			files = (
				4F510E01167524410099A53D /* InfoPlist.strings in Resources */,
				4F510E09167524410099A53D /* Default.png in Resources */,
				4F510E0B167524410099A53D /* Default@2x.png in Resources */,
				4F510E0D167524410099A53D /* Default-568h@2x.png in Resources */,
				4F510E13167524410099A53D /* ViewController.xib in Resources */,
			);
			runOnlyForDeploymentPostprocessing = 0;
		};
/* End PBXResourcesBuildPhase section */

/* Begin PBXSourcesBuildPhase section */
		4F510DEE167524410099A53D /* Sources */ = {
			isa = PBXSourcesBuildPhase;
			buildActionMask = 2147483647;
			files = (
				4F510E03167524410099A53D /* main.m in Sources */,
				4F510E07167524410099A53D /* AppDelegate.m in Sources */,
				4F510E10167524410099A53D /* ViewController.m in Sources */,
			);
			runOnlyForDeploymentPostprocessing = 0;
		};
/* End PBXSourcesBuildPhase section */

/* Begin PBXVariantGroup section */
		4F510DFF167524410099A53D /* InfoPlist.strings */ = {
			isa = PBXVariantGroup;
			children = (
				4F510E00167524410099A53D /* en */,
			);
			name = InfoPlist.strings;
			sourceTree = "<group>";
		};
		4F510E11167524410099A53D /* ViewController.xib */ = {
			isa = PBXVariantGroup;
			children = (
				4F510E12167524410099A53D /* en */,
			);
			name = ViewController.xib;
			sourceTree = "<group>";
		};
/* End PBXVariantGroup section */

/* Begin XCBuildConfiguration section */
		4F510E14167524410099A53D /* Debug */ = {
			isa = XCBuildConfiguration;
			buildSettings = {
				ALWAYS_SEARCH_USER_PATHS = NO;
				CLANG_CXX_LANGUAGE_STANDARD = "gnu++0x";
				CLANG_CXX_LIBRARY = "libc++";
				CLANG_ENABLE_OBJC_ARC = YES;
				CLANG_WARN_EMPTY_BODY = YES;
				CLANG_WARN__DUPLICATE_METHOD_MATCH = YES;
				CODE_SIGN_IDENTITY = "iPhone Developer";
				COPY_PHASE_STRIP = NO;
				GCC_C_LANGUAGE_STANDARD = gnu99;
				GCC_DYNAMIC_NO_PIC = NO;
				GCC_OPTIMIZATION_LEVEL = 0;
				GCC_PREPROCESSOR_DEFINITIONS = (
					"DEBUG=1",
					"$(inherited)",
				);
				GCC_SYMBOLS_PRIVATE_EXTERN = NO;
				GCC_WARN_ABOUT_RETURN_TYPE = YES;
				GCC_WARN_UNINITIALIZED_AUTOS = YES;
				GCC_WARN_UNUSED_VARIABLE = YES;
				IPHONEOS_DEPLOYMENT_TARGET = 5.0;
				ONLY_ACTIVE_ARCH = YES;
				PROVISIONING_PROFILE = "";
				SDKROOT = iphoneos;
			};
			name = Debug;
		};
		4F510E15167524410099A53D /* Release */ = {
			isa = XCBuildConfiguration;
			buildSettings = {
				ALWAYS_SEARCH_USER_PATHS = NO;
				CLANG_CXX_LANGUAGE_STANDARD = "gnu++0x";
				CLANG_CXX_LIBRARY = "libc++";
				CLANG_ENABLE_OBJC_ARC = YES;
				CLANG_WARN_EMPTY_BODY = YES;
				CLANG_WARN__DUPLICATE_METHOD_MATCH = YES;
				"CODE_SIGN_IDENTITY[sdk=iphoneos*]" = "iPhone Developer";
				COPY_PHASE_STRIP = YES;
				GCC_C_LANGUAGE_STANDARD = gnu99;
				GCC_WARN_ABOUT_RETURN_TYPE = YES;
				GCC_WARN_UNINITIALIZED_AUTOS = YES;
				GCC_WARN_UNUSED_VARIABLE = YES;
				IPHONEOS_DEPLOYMENT_TARGET = 5.0;
				OTHER_CFLAGS = "-DNS_BLOCK_ASSERTIONS=1";
				SDKROOT = iphoneos;
				VALIDATE_PRODUCT = YES;
			};
			name = Release;
		};
		4F510E17167524410099A53D /* Debug */ = {
			isa = XCBuildConfiguration;
			buildSettings = {
				GCC_PRECOMPILE_PREFIX_HEADER = YES;
				GCC_PREFIX_HEADER = "Corrected Keyboard Schmeeboard/Corrected Keyboard Schmeeboard-Prefix.pch";
				INFOPLIST_FILE = "Corrected Keyboard Schmeeboard/Corrected Keyboard Schmeeboard-Info.plist";
				PRODUCT_NAME = Corrected_Keyboard_Schmeeboard;
				WRAPPER_EXTENSION = app;
			};
			name = Debug;
		};
		4F510E18167524410099A53D /* Release */ = {
			isa = XCBuildConfiguration;
			buildSettings = {
				GCC_PRECOMPILE_PREFIX_HEADER = YES;
				GCC_PREFIX_HEADER = "Corrected Keyboard Schmeeboard/Corrected Keyboard Schmeeboard-Prefix.pch";
				INFOPLIST_FILE = "Corrected Keyboard Schmeeboard/Corrected Keyboard Schmeeboard-Info.plist";
				PRODUCT_NAME = Corrected_Keyboard_Schmeeboard;
				WRAPPER_EXTENSION = app;
			};
			name = Release;
		};
/* End XCBuildConfiguration section */

/* Begin XCConfigurationList section */
		4F510DEC167524410099A53D /* Build configuration list for PBXProject "Corrected Keyboard Schmeeboard" */ = {
			isa = XCConfigurationList;
			buildConfigurations = (
				4F510E14167524410099A53D /* Debug */,
				4F510E15167524410099A53D /* Release */,
			);
			defaultConfigurationIsVisible = 0;
			defaultConfigurationName = Release;
		};
		4F510E16167524410099A53D /* Build configuration list for PBXNativeTarget "Corrected Keyboard Schmeeboard" */ = {
			isa = XCConfigurationList;
			buildConfigurations = (
				4F510E17167524410099A53D /* Debug */,
				4F510E18167524410099A53D /* Release */,
			);
			defaultConfigurationIsVisible = 0;
			defaultConfigurationName = Release;
		};
/* End XCConfigurationList section */
	};
	rootObject = 4F510DE9167524410099A53D /* Project object */;
}
